// !$*UTF8*$!
{
	archiveVersion = 1;
	classes = {
	};
	objectVersion = 77;
	objects = {

/* Begin PBXBuildFile section */
		65975AF52EA0F37500C1A213 /* WidgetKit.framework in Frameworks */ = {isa = PBXBuildFile; fileRef = 65975AF42EA0F37500C1A213 /* WidgetKit.framework */; };
		65975AF72EA0F37500C1A213 /* SwiftUI.framework in Frameworks */ = {isa = PBXBuildFile; fileRef = 65975AF62EA0F37500C1A213 /* SwiftUI.framework */; };
		65975B082EA0F37700C1A213 /* observeMetricsWidgetExtension.appex in Embed Foundation Extensions */ = {isa = PBXBuildFile; fileRef = 65975AF22EA0F37500C1A213 /* observeMetricsWidgetExtension.appex */; settings = {ATTRIBUTES = (RemoveHeadersOnCopy, ); }; };
/* End PBXBuildFile section */

/* Begin PBXContainerItemProxy section */
		65975B062EA0F37700C1A213 /* PBXContainerItemProxy */ = {
			isa = PBXContainerItemProxy;
			containerPortal = 65B216BE2E278D5C00F43B59 /* Project object */;
			proxyType = 1;
			remoteGlobalIDString = 65975AF12EA0F37500C1A213;
			remoteInfo = observeMetricsWidgetExtension;
		};
		65B216D62E278D5E00F43B59 /* PBXContainerItemProxy */ = {
			isa = PBXContainerItemProxy;
			containerPortal = 65B216BE2E278D5C00F43B59 /* Project object */;
			proxyType = 1;
			remoteGlobalIDString = 65B216C52E278D5C00F43B59;
			remoteInfo = ObServe;
		};
		65B216E02E278D5E00F43B59 /* PBXContainerItemProxy */ = {
			isa = PBXContainerItemProxy;
			containerPortal = 65B216BE2E278D5C00F43B59 /* Project object */;
			proxyType = 1;
			remoteGlobalIDString = 65B216C52E278D5C00F43B59;
			remoteInfo = ObServe;
		};
/* End PBXContainerItemProxy section */

/* Begin PBXCopyFilesBuildPhase section */
		65975B0D2EA0F37700C1A213 /* Embed Foundation Extensions */ = {
			isa = PBXCopyFilesBuildPhase;
			buildActionMask = 2147483647;
			dstPath = "";
			dstSubfolderSpec = 13;
			files = (
				65975B082EA0F37700C1A213 /* observeMetricsWidgetExtension.appex in Embed Foundation Extensions */,
			);
			name = "Embed Foundation Extensions";
			runOnlyForDeploymentPostprocessing = 0;
		};
/* End PBXCopyFilesBuildPhase section */

/* Begin PBXFileReference section */
		651F11892EAAB6B3004BEFBF /* observeMetricsWidgetExtension.entitlements */ = {isa = PBXFileReference; lastKnownFileType = text.plist.entitlements; path = observeMetricsWidgetExtension.entitlements; sourceTree = "<group>"; };
		65975AF22EA0F37500C1A213 /* observeMetricsWidgetExtension.appex */ = {isa = PBXFileReference; explicitFileType = "wrapper.app-extension"; includeInIndex = 0; path = observeMetricsWidgetExtension.appex; sourceTree = BUILT_PRODUCTS_DIR; };
		65975AF42EA0F37500C1A213 /* WidgetKit.framework */ = {isa = PBXFileReference; lastKnownFileType = wrapper.framework; name = WidgetKit.framework; path = System/Library/Frameworks/WidgetKit.framework; sourceTree = SDKROOT; };
		65975AF62EA0F37500C1A213 /* SwiftUI.framework */ = {isa = PBXFileReference; lastKnownFileType = wrapper.framework; name = SwiftUI.framework; path = System/Library/Frameworks/SwiftUI.framework; sourceTree = SDKROOT; };
		65B216C62E278D5C00F43B59 /* ObServe.app */ = {isa = PBXFileReference; explicitFileType = wrapper.application; includeInIndex = 0; path = ObServe.app; sourceTree = BUILT_PRODUCTS_DIR; };
		65B216D52E278D5E00F43B59 /* ObServeTests.xctest */ = {isa = PBXFileReference; explicitFileType = wrapper.cfbundle; includeInIndex = 0; path = ObServeTests.xctest; sourceTree = BUILT_PRODUCTS_DIR; };
		65B216DF2E278D5E00F43B59 /* ObServeUITests.xctest */ = {isa = PBXFileReference; explicitFileType = wrapper.cfbundle; includeInIndex = 0; path = ObServeUITests.xctest; sourceTree = BUILT_PRODUCTS_DIR; };
/* End PBXFileReference section */

/* Begin PBXFileSystemSynchronizedBuildFileExceptionSet section */
		5B32D6562E2AE38700A766C2 /* Exceptions for "ObServe" folder in "ObServe" target */ = {
			isa = PBXFileSystemSynchronizedBuildFileExceptionSet;
			membershipExceptions = (
				Info.plist,
			);
			target = 65B216C52E278D5C00F43B59 /* ObServe */;
		};
		5B3715F52E2AF0650077041B /* Exceptions for "ObServe" folder in "ObServeTests" target */ = {
			isa = PBXFileSystemSynchronizedBuildFileExceptionSet;
			membershipExceptions = (
				"Assets/IBMPlexSans-Italic-VariableFont_wdth,wght.ttf",
				"Assets/IBMPlexSans-VariableFont_wdth,wght.ttf",
			);
			target = 65B216D42E278D5E00F43B59 /* ObServeTests */;
		};
		5B3715F62E2AF0650077041B /* Exceptions for "ObServe" folder in "ObServeUITests" target */ = {
			isa = PBXFileSystemSynchronizedBuildFileExceptionSet;
			membershipExceptions = (
				"Assets/IBMPlexSans-Italic-VariableFont_wdth,wght.ttf",
				"Assets/IBMPlexSans-VariableFont_wdth,wght.ttf",
			);
			target = 65B216DE2E278D5E00F43B59 /* ObServeUITests */;
		};
		651F118D2EAABB0C004BEFBF /* Exceptions for "ObServe" folder in "observeMetricsWidgetExtension" target */ = {
			isa = PBXFileSystemSynchronizedBuildFileExceptionSet;
			membershipExceptions = (
				"Assets/IBMPlexSans-Italic-VariableFont_wdth,wght.ttf",
				"Assets/IBMPlexSans-VariableFont_wdth,wght.ttf",
				Data/SharedModels.swift,
				Data/SharedStorageManager.swift,
				Modules/Metrics/NetworkService.swift,
				Modules/Metrics/Responses/CpuResponse.swift,
				Modules/Metrics/Responses/DiskStatisticResponse.swift,
				Modules/Metrics/Responses/MemoryResponse.swift,
				Modules/Metrics/Responses/NetworkResponse.swift,
			);
			target = 65975AF12EA0F37500C1A213 /* observeMetricsWidgetExtension */;
		};
		65975B0C2EA0F37700C1A213 /* Exceptions for "observeMetricsWidget" folder in "observeMetricsWidgetExtension" target */ = {
			isa = PBXFileSystemSynchronizedBuildFileExceptionSet;
			membershipExceptions = (
				Info.plist,
			);
			target = 65975AF12EA0F37500C1A213 /* observeMetricsWidgetExtension */;
		};
/* End PBXFileSystemSynchronizedBuildFileExceptionSet section */

/* Begin PBXFileSystemSynchronizedRootGroup section */
		65975AF82EA0F37500C1A213 /* observeMetricsWidget */ = {
			isa = PBXFileSystemSynchronizedRootGroup;
			exceptions = (
				65975B0C2EA0F37700C1A213 /* Exceptions for "observeMetricsWidget" folder in "observeMetricsWidgetExtension" target */,
			);
			path = observeMetricsWidget;
			sourceTree = "<group>";
		};
		65B216C82E278D5C00F43B59 /* ObServe */ = {
			isa = PBXFileSystemSynchronizedRootGroup;
			exceptions = (
				5B32D6562E2AE38700A766C2 /* Exceptions for "ObServe" folder in "ObServe" target */,
				5B3715F52E2AF0650077041B /* Exceptions for "ObServe" folder in "ObServeTests" target */,
				5B3715F62E2AF0650077041B /* Exceptions for "ObServe" folder in "ObServeUITests" target */,
				651F118D2EAABB0C004BEFBF /* Exceptions for "ObServe" folder in "observeMetricsWidgetExtension" target */,
			);
			path = ObServe;
			sourceTree = "<group>";
		};
		65B216D82E278D5E00F43B59 /* ObServeTests */ = {
			isa = PBXFileSystemSynchronizedRootGroup;
			path = ObServeTests;
			sourceTree = "<group>";
		};
		65B216E22E278D5E00F43B59 /* ObServeUITests */ = {
			isa = PBXFileSystemSynchronizedRootGroup;
			path = ObServeUITests;
			sourceTree = "<group>";
		};
/* End PBXFileSystemSynchronizedRootGroup section */

/* Begin PBXFrameworksBuildPhase section */
		65975AEF2EA0F37500C1A213 /* Frameworks */ = {
			isa = PBXFrameworksBuildPhase;
			buildActionMask = 2147483647;
			files = (
				65975AF72EA0F37500C1A213 /* SwiftUI.framework in Frameworks */,
				65975AF52EA0F37500C1A213 /* WidgetKit.framework in Frameworks */,
			);
			runOnlyForDeploymentPostprocessing = 0;
		};
		65B216C32E278D5C00F43B59 /* Frameworks */ = {
			isa = PBXFrameworksBuildPhase;
			buildActionMask = 2147483647;
			files = (
			);
			runOnlyForDeploymentPostprocessing = 0;
		};
		65B216D22E278D5E00F43B59 /* Frameworks */ = {
			isa = PBXFrameworksBuildPhase;
			buildActionMask = 2147483647;
			files = (
			);
			runOnlyForDeploymentPostprocessing = 0;
		};
		65B216DC2E278D5E00F43B59 /* Frameworks */ = {
			isa = PBXFrameworksBuildPhase;
			buildActionMask = 2147483647;
			files = (
			);
			runOnlyForDeploymentPostprocessing = 0;
		};
/* End PBXFrameworksBuildPhase section */

/* Begin PBXGroup section */
		65975AF32EA0F37500C1A213 /* Frameworks */ = {
			isa = PBXGroup;
			children = (
				65975AF42EA0F37500C1A213 /* WidgetKit.framework */,
				65975AF62EA0F37500C1A213 /* SwiftUI.framework */,
			);
			name = Frameworks;
			sourceTree = "<group>";
		};
		65B216BD2E278D5C00F43B59 = {
			isa = PBXGroup;
			children = (
				651F11892EAAB6B3004BEFBF /* observeMetricsWidgetExtension.entitlements */,
				65B216C82E278D5C00F43B59 /* ObServe */,
				65B216D82E278D5E00F43B59 /* ObServeTests */,
				65B216E22E278D5E00F43B59 /* ObServeUITests */,
				65975AF82EA0F37500C1A213 /* observeMetricsWidget */,
				65975AF32EA0F37500C1A213 /* Frameworks */,
				65B216C72E278D5C00F43B59 /* Products */,
			);
			sourceTree = "<group>";
		};
		65B216C72E278D5C00F43B59 /* Products */ = {
			isa = PBXGroup;
			children = (
				65B216C62E278D5C00F43B59 /* ObServe.app */,
				65B216D52E278D5E00F43B59 /* ObServeTests.xctest */,
				65B216DF2E278D5E00F43B59 /* ObServeUITests.xctest */,
				65975AF22EA0F37500C1A213 /* observeMetricsWidgetExtension.appex */,
			);
			name = Products;
			sourceTree = "<group>";
		};
/* End PBXGroup section */

/* Begin PBXNativeTarget section */
		65975AF12EA0F37500C1A213 /* observeMetricsWidgetExtension */ = {
			isa = PBXNativeTarget;
			buildConfigurationList = 65975B092EA0F37700C1A213 /* Build configuration list for PBXNativeTarget "observeMetricsWidgetExtension" */;
			buildPhases = (
				65975AEE2EA0F37500C1A213 /* Sources */,
				65975AEF2EA0F37500C1A213 /* Frameworks */,
				65975AF02EA0F37500C1A213 /* Resources */,
			);
			buildRules = (
			);
			dependencies = (
			);
			fileSystemSynchronizedGroups = (
				65975AF82EA0F37500C1A213 /* observeMetricsWidget */,
			);
			name = observeMetricsWidgetExtension;
			packageProductDependencies = (
			);
			productName = observeMetricsWidgetExtension;
			productReference = 65975AF22EA0F37500C1A213 /* observeMetricsWidgetExtension.appex */;
			productType = "com.apple.product-type.app-extension";
		};
		65B216C52E278D5C00F43B59 /* ObServe */ = {
			isa = PBXNativeTarget;
			buildConfigurationList = 65B216E92E278D5E00F43B59 /* Build configuration list for PBXNativeTarget "ObServe" */;
			buildPhases = (
				65B216C22E278D5C00F43B59 /* Sources */,
				65B216C32E278D5C00F43B59 /* Frameworks */,
				65B216C42E278D5C00F43B59 /* Resources */,
				65975B0D2EA0F37700C1A213 /* Embed Foundation Extensions */,
			);
			buildRules = (
			);
			dependencies = (
				65975B072EA0F37700C1A213 /* PBXTargetDependency */,
			);
			fileSystemSynchronizedGroups = (
				65B216C82E278D5C00F43B59 /* ObServe */,
			);
			name = ObServe;
			packageProductDependencies = (
			);
			productName = ObServe;
			productReference = 65B216C62E278D5C00F43B59 /* ObServe.app */;
			productType = "com.apple.product-type.application";
		};
		65B216D42E278D5E00F43B59 /* ObServeTests */ = {
			isa = PBXNativeTarget;
			buildConfigurationList = 65B216EC2E278D5E00F43B59 /* Build configuration list for PBXNativeTarget "ObServeTests" */;
			buildPhases = (
				65B216D12E278D5E00F43B59 /* Sources */,
				65B216D22E278D5E00F43B59 /* Frameworks */,
				65B216D32E278D5E00F43B59 /* Resources */,
			);
			buildRules = (
			);
			dependencies = (
				65B216D72E278D5E00F43B59 /* PBXTargetDependency */,
			);
			fileSystemSynchronizedGroups = (
				65B216D82E278D5E00F43B59 /* ObServeTests */,
			);
			name = ObServeTests;
			packageProductDependencies = (
			);
			productName = ObServeTests;
			productReference = 65B216D52E278D5E00F43B59 /* ObServeTests.xctest */;
			productType = "com.apple.product-type.bundle.unit-test";
		};
		65B216DE2E278D5E00F43B59 /* ObServeUITests */ = {
			isa = PBXNativeTarget;
			buildConfigurationList = 65B216EF2E278D5E00F43B59 /* Build configuration list for PBXNativeTarget "ObServeUITests" */;
			buildPhases = (
				65B216DB2E278D5E00F43B59 /* Sources */,
				65B216DC2E278D5E00F43B59 /* Frameworks */,
				65B216DD2E278D5E00F43B59 /* Resources */,
			);
			buildRules = (
			);
			dependencies = (
				65B216E12E278D5E00F43B59 /* PBXTargetDependency */,
			);
			fileSystemSynchronizedGroups = (
				65B216E22E278D5E00F43B59 /* ObServeUITests */,
			);
			name = ObServeUITests;
			packageProductDependencies = (
			);
			productName = ObServeUITests;
			productReference = 65B216DF2E278D5E00F43B59 /* ObServeUITests.xctest */;
			productType = "com.apple.product-type.bundle.ui-testing";
		};
/* End PBXNativeTarget section */

/* Begin PBXProject section */
		65B216BE2E278D5C00F43B59 /* Project object */ = {
			isa = PBXProject;
			attributes = {
				BuildIndependentTargetsInParallel = 1;
				LastSwiftUpdateCheck = 1640;
				LastUpgradeCheck = 2600;
				TargetAttributes = {
					65975AF12EA0F37500C1A213 = {
						CreatedOnToolsVersion = 16.4;
					};
					65B216C52E278D5C00F43B59 = {
						CreatedOnToolsVersion = 16.4;
					};
					65B216D42E278D5E00F43B59 = {
						CreatedOnToolsVersion = 16.4;
						TestTargetID = 65B216C52E278D5C00F43B59;
					};
					65B216DE2E278D5E00F43B59 = {
						CreatedOnToolsVersion = 16.4;
						TestTargetID = 65B216C52E278D5C00F43B59;
					};
				};
			};
			buildConfigurationList = 65B216C12E278D5C00F43B59 /* Build configuration list for PBXProject "ObServe" */;
			developmentRegion = en;
			hasScannedForEncodings = 0;
			knownRegions = (
				en,
				Base,
			);
			mainGroup = 65B216BD2E278D5C00F43B59;
			minimizedProjectReferenceProxies = 1;
			preferredProjectObjectVersion = 77;
			productRefGroup = 65B216C72E278D5C00F43B59 /* Products */;
			projectDirPath = "";
			projectRoot = "";
			targets = (
				65B216C52E278D5C00F43B59 /* ObServe */,
				65B216D42E278D5E00F43B59 /* ObServeTests */,
				65B216DE2E278D5E00F43B59 /* ObServeUITests */,
				65975AF12EA0F37500C1A213 /* observeMetricsWidgetExtension */,
			);
		};
/* End PBXProject section */

/* Begin PBXResourcesBuildPhase section */
		65975AF02EA0F37500C1A213 /* Resources */ = {
			isa = PBXResourcesBuildPhase;
			buildActionMask = 2147483647;
			files = (
			);
			runOnlyForDeploymentPostprocessing = 0;
		};
		65B216C42E278D5C00F43B59 /* Resources */ = {
			isa = PBXResourcesBuildPhase;
			buildActionMask = 2147483647;
			files = (
			);
			runOnlyForDeploymentPostprocessing = 0;
		};
		65B216D32E278D5E00F43B59 /* Resources */ = {
			isa = PBXResourcesBuildPhase;
			buildActionMask = 2147483647;
			files = (
			);
			runOnlyForDeploymentPostprocessing = 0;
		};
		65B216DD2E278D5E00F43B59 /* Resources */ = {
			isa = PBXResourcesBuildPhase;
			buildActionMask = 2147483647;
			files = (
			);
			runOnlyForDeploymentPostprocessing = 0;
		};
/* End PBXResourcesBuildPhase section */

/* Begin PBXSourcesBuildPhase section */
		65975AEE2EA0F37500C1A213 /* Sources */ = {
			isa = PBXSourcesBuildPhase;
			buildActionMask = 2147483647;
			files = (
			);
			runOnlyForDeploymentPostprocessing = 0;
		};
		65B216C22E278D5C00F43B59 /* Sources */ = {
			isa = PBXSourcesBuildPhase;
			buildActionMask = 2147483647;
			files = (
			);
			runOnlyForDeploymentPostprocessing = 0;
		};
		65B216D12E278D5E00F43B59 /* Sources */ = {
			isa = PBXSourcesBuildPhase;
			buildActionMask = 2147483647;
			files = (
			);
			runOnlyForDeploymentPostprocessing = 0;
		};
		65B216DB2E278D5E00F43B59 /* Sources */ = {
			isa = PBXSourcesBuildPhase;
			buildActionMask = 2147483647;
			files = (
			);
			runOnlyForDeploymentPostprocessing = 0;
		};
/* End PBXSourcesBuildPhase section */

/* Begin PBXTargetDependency section */
		65975B072EA0F37700C1A213 /* PBXTargetDependency */ = {
			isa = PBXTargetDependency;
			target = 65975AF12EA0F37500C1A213 /* observeMetricsWidgetExtension */;
			targetProxy = 65975B062EA0F37700C1A213 /* PBXContainerItemProxy */;
		};
		65B216D72E278D5E00F43B59 /* PBXTargetDependency */ = {
			isa = PBXTargetDependency;
			target = 65B216C52E278D5C00F43B59 /* ObServe */;
			targetProxy = 65B216D62E278D5E00F43B59 /* PBXContainerItemProxy */;
		};
		65B216E12E278D5E00F43B59 /* PBXTargetDependency */ = {
			isa = PBXTargetDependency;
			target = 65B216C52E278D5C00F43B59 /* ObServe */;
			targetProxy = 65B216E02E278D5E00F43B59 /* PBXContainerItemProxy */;
		};
/* End PBXTargetDependency section */

/* Begin XCBuildConfiguration section */
		65975B0A2EA0F37700C1A213 /* Debug */ = {
			isa = XCBuildConfiguration;
			buildSettings = {
				ASSETCATALOG_COMPILER_GLOBAL_ACCENT_COLOR_NAME = AccentColor;
				ASSETCATALOG_COMPILER_WIDGET_BACKGROUND_COLOR_NAME = WidgetBackground;
				CODE_SIGN_ENTITLEMENTS = observeMetricsWidgetExtension.entitlements;
				CODE_SIGN_IDENTITY = "Apple Development";
				CODE_SIGN_STYLE = Automatic;
				CURRENT_PROJECT_VERSION = 1;
				DEVELOPMENT_TEAM = KNZ6246X7R;
				GENERATE_INFOPLIST_FILE = YES;
				INFOPLIST_FILE = observeMetricsWidget/Info.plist;
				INFOPLIST_KEY_CFBundleDisplayName = observeMetricsWidget;
				INFOPLIST_KEY_NSHumanReadableCopyright = "";
				LD_RUNPATH_SEARCH_PATHS = (
					"$(inherited)",
					"@executable_path/Frameworks",
					"@executable_path/../../Frameworks",
				);
				MARKETING_VERSION = 1.0;
				PRODUCT_BUNDLE_IDENTIFIER = com.dev.ObServe.observeMetricsWidget;
				PRODUCT_NAME = "$(TARGET_NAME)";
				SKIP_INSTALL = YES;
				SWIFT_EMIT_LOC_STRINGS = YES;
				SWIFT_VERSION = 5.0;
				TARGETED_DEVICE_FAMILY = "1,2";
			};
			name = Debug;
		};
		65975B0B2EA0F37700C1A213 /* Release */ = {
			isa = XCBuildConfiguration;
			buildSettings = {
				ASSETCATALOG_COMPILER_GLOBAL_ACCENT_COLOR_NAME = AccentColor;
				ASSETCATALOG_COMPILER_WIDGET_BACKGROUND_COLOR_NAME = WidgetBackground;
				CODE_SIGN_ENTITLEMENTS = observeMetricsWidgetExtension.entitlements;
				CODE_SIGN_IDENTITY = "Apple Development";
				CODE_SIGN_STYLE = Automatic;
				CURRENT_PROJECT_VERSION = 1;
				DEVELOPMENT_TEAM = KNZ6246X7R;
				GENERATE_INFOPLIST_FILE = YES;
				INFOPLIST_FILE = observeMetricsWidget/Info.plist;
				INFOPLIST_KEY_CFBundleDisplayName = observeMetricsWidget;
				INFOPLIST_KEY_NSHumanReadableCopyright = "";
				LD_RUNPATH_SEARCH_PATHS = (
					"$(inherited)",
					"@executable_path/Frameworks",
					"@executable_path/../../Frameworks",
				);
				MARKETING_VERSION = 1.0;
				PRODUCT_BUNDLE_IDENTIFIER = com.dev.ObServe.observeMetricsWidget;
				PRODUCT_NAME = "$(TARGET_NAME)";
				SKIP_INSTALL = YES;
				SWIFT_EMIT_LOC_STRINGS = YES;
				SWIFT_VERSION = 5.0;
				TARGETED_DEVICE_FAMILY = "1,2";
			};
			name = Release;
		};
		65B216E72E278D5E00F43B59 /* Debug */ = {
			isa = XCBuildConfiguration;
			buildSettings = {
				ALWAYS_SEARCH_USER_PATHS = NO;
				ASSETCATALOG_COMPILER_GENERATE_SWIFT_ASSET_SYMBOL_EXTENSIONS = YES;
				CLANG_ANALYZER_NONNULL = YES;
				CLANG_ANALYZER_NUMBER_OBJECT_CONVERSION = YES_AGGRESSIVE;
				CLANG_CXX_LANGUAGE_STANDARD = "gnu++20";
				CLANG_ENABLE_MODULES = YES;
				CLANG_ENABLE_OBJC_ARC = YES;
				CLANG_ENABLE_OBJC_WEAK = YES;
				CLANG_WARN_BLOCK_CAPTURE_AUTORELEASING = YES;
				CLANG_WARN_BOOL_CONVERSION = YES;
				CLANG_WARN_COMMA = YES;
				CLANG_WARN_CONSTANT_CONVERSION = YES;
				CLANG_WARN_DEPRECATED_OBJC_IMPLEMENTATIONS = YES;
				CLANG_WARN_DIRECT_OBJC_ISA_USAGE = YES_ERROR;
				CLANG_WARN_DOCUMENTATION_COMMENTS = YES;
				CLANG_WARN_EMPTY_BODY = YES;
				CLANG_WARN_ENUM_CONVERSION = YES;
				CLANG_WARN_INFINITE_RECURSION = YES;
				CLANG_WARN_INT_CONVERSION = YES;
				CLANG_WARN_NON_LITERAL_NULL_CONVERSION = YES;
				CLANG_WARN_OBJC_IMPLICIT_RETAIN_SELF = YES;
				CLANG_WARN_OBJC_LITERAL_CONVERSION = YES;
				CLANG_WARN_OBJC_ROOT_CLASS = YES_ERROR;
				CLANG_WARN_QUOTED_INCLUDE_IN_FRAMEWORK_HEADER = YES;
				CLANG_WARN_RANGE_LOOP_ANALYSIS = YES;
				CLANG_WARN_STRICT_PROTOTYPES = YES;
				CLANG_WARN_SUSPICIOUS_MOVE = YES;
				CLANG_WARN_UNGUARDED_AVAILABILITY = YES_AGGRESSIVE;
				CLANG_WARN_UNREACHABLE_CODE = YES;
				CLANG_WARN__DUPLICATE_METHOD_MATCH = YES;
				COPY_PHASE_STRIP = NO;
				DEBUG_INFORMATION_FORMAT = dwarf;
				ENABLE_STRICT_OBJC_MSGSEND = YES;
				ENABLE_TESTABILITY = YES;
				ENABLE_USER_SCRIPT_SANDBOXING = YES;
				GCC_C_LANGUAGE_STANDARD = gnu17;
				GCC_DYNAMIC_NO_PIC = NO;
				GCC_NO_COMMON_BLOCKS = YES;
				GCC_OPTIMIZATION_LEVEL = 0;
				GCC_PREPROCESSOR_DEFINITIONS = (
					"DEBUG=1",
					"$(inherited)",
				);
				GCC_WARN_64_TO_32_BIT_CONVERSION = YES;
				GCC_WARN_ABOUT_RETURN_TYPE = YES_ERROR;
				GCC_WARN_UNDECLARED_SELECTOR = YES;
				GCC_WARN_UNINITIALIZED_AUTOS = YES_AGGRESSIVE;
				GCC_WARN_UNUSED_FUNCTION = YES;
				GCC_WARN_UNUSED_VARIABLE = YES;
				IPHONEOS_DEPLOYMENT_TARGET = 18.5;
				LOCALIZATION_PREFERS_STRING_CATALOGS = YES;
				MTL_ENABLE_DEBUG_INFO = INCLUDE_SOURCE;
				MTL_FAST_MATH = YES;
				ONLY_ACTIVE_ARCH = YES;
				SDKROOT = iphoneos;
				SWIFT_ACTIVE_COMPILATION_CONDITIONS = "DEBUG $(inherited)";
				SWIFT_OPTIMIZATION_LEVEL = "-Onone";
			};
			name = Debug;
		};
		65B216E82E278D5E00F43B59 /* Release */ = {
			isa = XCBuildConfiguration;
			buildSettings = {
				ALWAYS_SEARCH_USER_PATHS = NO;
				ASSETCATALOG_COMPILER_GENERATE_SWIFT_ASSET_SYMBOL_EXTENSIONS = YES;
				CLANG_ANALYZER_NONNULL = YES;
				CLANG_ANALYZER_NUMBER_OBJECT_CONVERSION = YES_AGGRESSIVE;
				CLANG_CXX_LANGUAGE_STANDARD = "gnu++20";
				CLANG_ENABLE_MODULES = YES;
				CLANG_ENABLE_OBJC_ARC = YES;
				CLANG_ENABLE_OBJC_WEAK = YES;
				CLANG_WARN_BLOCK_CAPTURE_AUTORELEASING = YES;
				CLANG_WARN_BOOL_CONVERSION = YES;
				CLANG_WARN_COMMA = YES;
				CLANG_WARN_CONSTANT_CONVERSION = YES;
				CLANG_WARN_DEPRECATED_OBJC_IMPLEMENTATIONS = YES;
				CLANG_WARN_DIRECT_OBJC_ISA_USAGE = YES_ERROR;
				CLANG_WARN_DOCUMENTATION_COMMENTS = YES;
				CLANG_WARN_EMPTY_BODY = YES;
				CLANG_WARN_ENUM_CONVERSION = YES;
				CLANG_WARN_INFINITE_RECURSION = YES;
				CLANG_WARN_INT_CONVERSION = YES;
				CLANG_WARN_NON_LITERAL_NULL_CONVERSION = YES;
				CLANG_WARN_OBJC_IMPLICIT_RETAIN_SELF = YES;
				CLANG_WARN_OBJC_LITERAL_CONVERSION = YES;
				CLANG_WARN_OBJC_ROOT_CLASS = YES_ERROR;
				CLANG_WARN_QUOTED_INCLUDE_IN_FRAMEWORK_HEADER = YES;
				CLANG_WARN_RANGE_LOOP_ANALYSIS = YES;
				CLANG_WARN_STRICT_PROTOTYPES = YES;
				CLANG_WARN_SUSPICIOUS_MOVE = YES;
				CLANG_WARN_UNGUARDED_AVAILABILITY = YES_AGGRESSIVE;
				CLANG_WARN_UNREACHABLE_CODE = YES;
				CLANG_WARN__DUPLICATE_METHOD_MATCH = YES;
				COPY_PHASE_STRIP = NO;
				DEBUG_INFORMATION_FORMAT = "dwarf-with-dsym";
				ENABLE_NS_ASSERTIONS = NO;
				ENABLE_STRICT_OBJC_MSGSEND = YES;
				ENABLE_USER_SCRIPT_SANDBOXING = YES;
				GCC_C_LANGUAGE_STANDARD = gnu17;
				GCC_NO_COMMON_BLOCKS = YES;
				GCC_WARN_64_TO_32_BIT_CONVERSION = YES;
				GCC_WARN_ABOUT_RETURN_TYPE = YES_ERROR;
				GCC_WARN_UNDECLARED_SELECTOR = YES;
				GCC_WARN_UNINITIALIZED_AUTOS = YES_AGGRESSIVE;
				GCC_WARN_UNUSED_FUNCTION = YES;
				GCC_WARN_UNUSED_VARIABLE = YES;
				IPHONEOS_DEPLOYMENT_TARGET = 18.5;
				LOCALIZATION_PREFERS_STRING_CATALOGS = YES;
				MTL_ENABLE_DEBUG_INFO = NO;
				MTL_FAST_MATH = YES;
				SDKROOT = iphoneos;
				SWIFT_COMPILATION_MODE = wholemodule;
				VALIDATE_PRODUCT = YES;
			};
			name = Release;
		};
		65B216EA2E278D5E00F43B59 /* Debug */ = {
			isa = XCBuildConfiguration;
			buildSettings = {
				ASSETCATALOG_COMPILER_APPICON_NAME = AppIcon;
				ASSETCATALOG_COMPILER_GLOBAL_ACCENT_COLOR_NAME = AccentColor;
				CODE_SIGN_ENTITLEMENTS = ObServe/ObServe.entitlements;
				CODE_SIGN_IDENTITY = "Apple Development";
				CODE_SIGN_STYLE = Automatic;
				CURRENT_PROJECT_VERSION = 1;
				DEVELOPMENT_TEAM = KNZ6246X7R;
				ENABLE_PREVIEWS = YES;
				GENERATE_INFOPLIST_FILE = YES;
				INFOPLIST_FILE = ObServe/Info.plist;
				INFOPLIST_KEY_CFBundleDisplayName = ObServe;
				INFOPLIST_KEY_LSApplicationCategoryType = "public.app-category.utilities";
				INFOPLIST_KEY_UIApplicationSceneManifest_Generation = YES;
				INFOPLIST_KEY_UIApplicationSupportsIndirectInputEvents = YES;
				INFOPLIST_KEY_UILaunchScreen_Generation = YES;
				INFOPLIST_KEY_UIStatusBarStyle = UIStatusBarStyleDarkContent;
				INFOPLIST_KEY_UISupportedInterfaceOrientations = UIInterfaceOrientationPortrait;
				INFOPLIST_KEY_UISupportedInterfaceOrientations_iPad = "UIInterfaceOrientationLandscapeLeft UIInterfaceOrientationLandscapeRight UIInterfaceOrientationPortrait UIInterfaceOrientationPortraitUpsideDown";
				LD_RUNPATH_SEARCH_PATHS = (
					"$(inherited)",
					"@executable_path/Frameworks",
				);
				MARKETING_VERSION = 1.0;
				PRODUCT_BUNDLE_IDENTIFIER = com.dev.ObServe;
				PRODUCT_NAME = "$(TARGET_NAME)";
				PROVISIONING_PROFILE_SPECIFIER = "";
				SWIFT_EMIT_LOC_STRINGS = YES;
				SWIFT_VERSION = 5.0;
				TARGETED_DEVICE_FAMILY = "1,2";
			};
			name = Debug;
		};
		65B216EB2E278D5E00F43B59 /* Release */ = {
			isa = XCBuildConfiguration;
			buildSettings = {
				ASSETCATALOG_COMPILER_APPICON_NAME = AppIcon;
				ASSETCATALOG_COMPILER_GLOBAL_ACCENT_COLOR_NAME = AccentColor;
				CODE_SIGN_ENTITLEMENTS = ObServe/ObServe.entitlements;
				CODE_SIGN_IDENTITY = "Apple Development";
				CODE_SIGN_STYLE = Automatic;
				CURRENT_PROJECT_VERSION = 1;
				DEVELOPMENT_TEAM = KNZ6246X7R;
				ENABLE_PREVIEWS = YES;
				GENERATE_INFOPLIST_FILE = YES;
				INFOPLIST_FILE = ObServe/Info.plist;
				INFOPLIST_KEY_CFBundleDisplayName = ObServe;
				INFOPLIST_KEY_LSApplicationCategoryType = "public.app-category.utilities";
				INFOPLIST_KEY_UIApplicationSceneManifest_Generation = YES;
				INFOPLIST_KEY_UIApplicationSupportsIndirectInputEvents = YES;
				INFOPLIST_KEY_UILaunchScreen_Generation = YES;
				INFOPLIST_KEY_UIStatusBarStyle = UIStatusBarStyleDarkContent;
				INFOPLIST_KEY_UISupportedInterfaceOrientations = UIInterfaceOrientationPortrait;
				INFOPLIST_KEY_UISupportedInterfaceOrientations_iPad = "UIInterfaceOrientationLandscapeLeft UIInterfaceOrientationLandscapeRight UIInterfaceOrientationPortrait UIInterfaceOrientationPortraitUpsideDown";
				LD_RUNPATH_SEARCH_PATHS = (
					"$(inherited)",
					"@executable_path/Frameworks",
				);
				MARKETING_VERSION = 1.0;
				PRODUCT_BUNDLE_IDENTIFIER = com.dev.ObServe;
				PRODUCT_NAME = "$(TARGET_NAME)";
				PROVISIONING_PROFILE_SPECIFIER = "";
				SWIFT_EMIT_LOC_STRINGS = YES;
				SWIFT_VERSION = 5.0;
				TARGETED_DEVICE_FAMILY = "1,2";
			};
			name = Release;
		};
		65B216ED2E278D5E00F43B59 /* Debug */ = {
			isa = XCBuildConfiguration;
			buildSettings = {
				BUNDLE_LOADER = "$(TEST_HOST)";
				CODE_SIGN_STYLE = Automatic;
				CURRENT_PROJECT_VERSION = 1;
				GENERATE_INFOPLIST_FILE = YES;
				IPHONEOS_DEPLOYMENT_TARGET = 18.5;
				MARKETING_VERSION = 1.0;
				PRODUCT_BUNDLE_IDENTIFIER = com.dev.ObServeTests;
				PRODUCT_NAME = "$(TARGET_NAME)";
				SWIFT_EMIT_LOC_STRINGS = NO;
				SWIFT_VERSION = 5.0;
				TARGETED_DEVICE_FAMILY = "1,2";
				TEST_HOST = "$(BUILT_PRODUCTS_DIR)/ObServe.app/$(BUNDLE_EXECUTABLE_FOLDER_PATH)/ObServe";
			};
			name = Debug;
		};
		65B216EE2E278D5E00F43B59 /* Release */ = {
			isa = XCBuildConfiguration;
			buildSettings = {
				BUNDLE_LOADER = "$(TEST_HOST)";
				CODE_SIGN_STYLE = Automatic;
				CURRENT_PROJECT_VERSION = 1;
				GENERATE_INFOPLIST_FILE = YES;
				IPHONEOS_DEPLOYMENT_TARGET = 18.5;
				MARKETING_VERSION = 1.0;
				PRODUCT_BUNDLE_IDENTIFIER = com.dev.ObServeTests;
				PRODUCT_NAME = "$(TARGET_NAME)";
				SWIFT_EMIT_LOC_STRINGS = NO;
				SWIFT_VERSION = 5.0;
				TARGETED_DEVICE_FAMILY = "1,2";
				TEST_HOST = "$(BUILT_PRODUCTS_DIR)/ObServe.app/$(BUNDLE_EXECUTABLE_FOLDER_PATH)/ObServe";
			};
			name = Release;
		};
		65B216F02E278D5E00F43B59 /* Debug */ = {
			isa = XCBuildConfiguration;
			buildSettings = {
				CODE_SIGN_STYLE = Automatic;
				CURRENT_PROJECT_VERSION = 1;
				GENERATE_INFOPLIST_FILE = YES;
				MARKETING_VERSION = 1.0;
				PRODUCT_BUNDLE_IDENTIFIER = com.dev.ObServeUITests;
				PRODUCT_NAME = "$(TARGET_NAME)";
				SWIFT_EMIT_LOC_STRINGS = NO;
				SWIFT_VERSION = 5.0;
				TARGETED_DEVICE_FAMILY = "1,2";
				TEST_TARGET_NAME = ObServe;
			};
			name = Debug;
		};
		65B216F12E278D5E00F43B59 /* Release */ = {
			isa = XCBuildConfiguration;
			buildSettings = {
				CODE_SIGN_STYLE = Automatic;
				CURRENT_PROJECT_VERSION = 1;
				GENERATE_INFOPLIST_FILE = YES;
				MARKETING_VERSION = 1.0;
				PRODUCT_BUNDLE_IDENTIFIER = com.dev.ObServeUITests;
				PRODUCT_NAME = "$(TARGET_NAME)";
				SWIFT_EMIT_LOC_STRINGS = NO;
				SWIFT_VERSION = 5.0;
				TARGETED_DEVICE_FAMILY = "1,2";
				TEST_TARGET_NAME = ObServe;
			};
			name = Release;
		};
/* End XCBuildConfiguration section */

/* Begin XCConfigurationList section */
		65975B092EA0F37700C1A213 /* Build configuration list for PBXNativeTarget "observeMetricsWidgetExtension" */ = {
			isa = XCConfigurationList;
			buildConfigurations = (
				65975B0A2EA0F37700C1A213 /* Debug */,
				65975B0B2EA0F37700C1A213 /* Release */,
			);
			defaultConfigurationIsVisible = 0;
			defaultConfigurationName = Release;
		};
		65B216C12E278D5C00F43B59 /* Build configuration list for PBXProject "ObServe" */ = {
			isa = XCConfigurationList;
			buildConfigurations = (
				65B216E72E278D5E00F43B59 /* Debug */,
				65B216E82E278D5E00F43B59 /* Release */,
			);
			defaultConfigurationIsVisible = 0;
			defaultConfigurationName = Release;
		};
		65B216E92E278D5E00F43B59 /* Build configuration list for PBXNativeTarget "ObServe" */ = {
			isa = XCConfigurationList;
			buildConfigurations = (
				65B216EA2E278D5E00F43B59 /* Debug */,
				65B216EB2E278D5E00F43B59 /* Release */,
			);
			defaultConfigurationIsVisible = 0;
			defaultConfigurationName = Release;
		};
		65B216EC2E278D5E00F43B59 /* Build configuration list for PBXNativeTarget "ObServeTests" */ = {
			isa = XCConfigurationList;
			buildConfigurations = (
				65B216ED2E278D5E00F43B59 /* Debug */,
				65B216EE2E278D5E00F43B59 /* Release */,
			);
			defaultConfigurationIsVisible = 0;
			defaultConfigurationName = Release;
		};
		65B216EF2E278D5E00F43B59 /* Build configuration list for PBXNativeTarget "ObServeUITests" */ = {
			isa = XCConfigurationList;
			buildConfigurations = (
				65B216F02E278D5E00F43B59 /* Debug */,
				65B216F12E278D5E00F43B59 /* Release */,
			);
			defaultConfigurationIsVisible = 0;
			defaultConfigurationName = Release;
		};
/* End XCConfigurationList section */
	};
	rootObject = 65B216BE2E278D5C00F43B59 /* Project object */;
}
